{
  "nodes": {
    "disko": {
      "inputs": {
        "nixpkgs": [
          "nixpkgs"
        ]
      },
      "locked": {
        "lastModified": 1768923567,
        "narHash": "sha256-GVJ0jKsyXLuBzRMXCDY6D5J8wVdwP1DuQmmvYL/Vw/Q=",
        "owner": "nix-community",
        "repo": "disko",
        "rev": "00395d188e3594a1507f214a2f15d4ce5c07cb28",
        "type": "github"
      },
      "original": {
        "owner": "nix-community",
        "repo": "disko",
        "type": "github"
      }
    },
    "home-manager": {
      "inputs": {
        "nixpkgs": [
          "nixpkgs"
        ]
      },
      "locked": {
        "lastModified": 1769015285,
        "narHash": "sha256-MlqzCJbckJsgwfkRs64H2xaX2Uxl4o6Z9XYfkYS1N/E=",
        "owner": "nix-community",
        "repo": "home-manager",
        "rev": "ec0247a7a19f641595c24ac1ea4df6461d1cdb36",
        "type": "github"
      },
      "original": {
        "owner": "nix-community",
        "repo": "home-manager",
        "type": "github"
      }
    },
    "my-secrets": {
      "flake": false,
      "locked": {
        "lastModified": 1769072119,
        "narHash": "sha256-8tbh2lq6veDrVhBtWaMLvKrRO50QTEcWnO8XjK1boew=",
        "ref": "refs/heads/main",
        "rev": "1681d346311279a1f3e33a7be23c05c40ce89c06",
        "shallow": true,
        "type": "git",
        "url": "ssh://git@github.com/27Aaron/nix-secrets.git"
      },
      "original": {
        "shallow": true,
        "type": "git",
        "url": "ssh://git@github.com/27Aaron/nix-secrets.git"
      }
    },
    "nixpkgs": {
      "locked": {
        "lastModified": 1768886240,
        "narHash": "sha256-C2TjvwYZ2VDxYWeqvvJ5XPPp6U7H66zeJlRaErJKoEM=",
        "owner": "nixos",
        "repo": "nixpkgs",
        "rev": "80e4adbcf8992d3fd27ad4964fbb84907f9478b0",
        "type": "github"
      },
      "original": {
        "owner": "nixos",
        "ref": "nixos-unstable",
        "repo": "nixpkgs",
        "type": "github"
      }
    },
    "nur-aaron": {
      "inputs": {
        "nixpkgs": [
          "nixpkgs"
        ]
      },
      "locked": {
        "lastModified": 1765014201,
        "narHash": "sha256-y+hdk9kjVvOwuqO17khfkzlXrGdRkzym18jT9ViYLNg=",
        "ref": "refs/heads/main",
        "rev": "98722eaa602f2d687418a7f75fff6145e4e11183",
        "revCount": 7,
        "type": "git",
        "url": "https://codeberg.org/niceboy/nur-packages.git"
      },
      "original": {
        "type": "git",
        "url": "https://codeberg.org/niceboy/nur-packages.git"
      }
    },
    "preservation": {
      "locked": {
        "lastModified": 1757436102,
        "narHash": "sha256-mMI9IanU+Xw+pVogD2oT0I2kTmvz2Un/Apc5+CwUpEY=",
        "owner": "nix-community",
        "repo": "preservation",
        "rev": "93416f4614ad2dfed5b0dcf12f27e57d27a5ab11",
        "type": "github"
      },
      "original": {
        "owner": "nix-community",
        "repo": "preservation",
        "type": "github"
      }
    },
    "root": {
      "inputs": {
        "disko": "disko",
        "home-manager": "home-manager",
        "my-secrets": "my-secrets",
        "nixpkgs": "nixpkgs",
        "nur-aaron": "nur-aaron",
        "preservation": "preservation",
        "sops-nix": "sops-nix"
      }
    },
    "sops-nix": {
      "inputs": {
        "nixpkgs": [
          "nixpkgs"
        ]
      },
      "locked": {
        "lastModified": 1768863606,
        "narHash": "sha256-1IHAeS8WtBiEo5XiyJBHOXMzECD6aaIOJmpQKzRRl64=",
        "owner": "Mic92",
        "repo": "sops-nix",
        "rev": "c7067be8db2c09ab1884de67ef6c4f693973f4a2",
        "type": "github"
      },
      "original": {
        "owner": "Mic92",
        "repo": "sops-nix",
        "type": "github"
      }
    }
  },
  "root": "root",
  "version": 7
}
